
Microsoft Visual Studio Solution File, Format Version 12.00
# Visual Studio Version 17
VisualStudioVersion = 17.6.33723.286
MinimumVisualStudioVersion = 10.0.40219.1
Project("{FAE04EC0-301F-11D3-BF4B-00C04F79EFBC}") = "BlazorServerSignalRApp", "BlazorServerSignalRApp\BlazorServerSignalRApp.csproj", "{B264B274-0117-427A-850D-28B585D59415}"
EndProject
Global
	GlobalSection(SolutionConfigurationPlatforms) = preSolution
		Debug|Any CPU = Debug|Any CPU
		Release|Any CPU = Release|Any CPU
	EndGlobalSection
	GlobalSection(ProjectConfigurationPlatforms) = postSolution
		{B264B274-0117-427A-850D-28B585D59415}.Debug|Any CPU.ActiveCfg = Debug|Any CPU
		{B264B274-0117-427A-850D-28B585D59415}.Debug|Any CPU.Build.0 = Debug|Any CPU
		{B264B274-0117-427A-850D-28B585D59415}.Release|Any CPU.ActiveCfg = Release|Any CPU
		{B264B274-0117-427A-850D-28B585D59415}.Release|Any CPU.Build.0 = Release|Any CPU
	EndGlobalSection
	GlobalSection(SolutionProperties) = preSolution
		HideSolutionNode = FALSE
	EndGlobalSection
	GlobalSection(ExtensibilityGlobals) = postSolution
		SolutionGuid = {659ECECD-969A-42D9-BBCD-204CF18FC2B9}
	EndGlobalSection
EndGlobal
